filippo.io/edwards25519 v1.2.0 h1:crnVqOiS4jqYleHd9vaKZ+HKtHfllngJIiOpNpoJsjo=
filippo.io/edwards25519 v1.2.0/go.mod h1:xzAOLCNug/yB62zG1bQ8uziwrIqIuxhctzJT18Q77mc=
github.com/coalaura/atom v0.1.0 h1:SIDBPkN/yIs9mmj9mTyDLjTkL6RLs+Ayv6NAMiUvSNE=
github.com/coalaura/atom v0.1.0/go.mod h1:7pDe9uBEj3+qeHhpGdpvlvRp0JR17sEAZdAW+8vhc9M=
github.com/coalaura/plain v1.6.5 h1:rXJjk98he2OPc1+SEMtf/3jm4USYhCLjN0HcnebyqAU=
github.com/coalaura/plain v1.6.5/go.mod h1:8RE9XMZjc0DdRt1/coC8bzwSPEeMWMi0fASj6X1pXx8=
github.com/felixge/httpsnoop v1.1.0 h1:3YtUj32ZZkqZtt3sZZsClsymw/QDuVfpNhoA31zeORc=
github.com/felixge/httpsnoop v1.1.0/go.mod h1:Zqxgdd+1Rkcz8euOqdr7lqgCRJztwr5hp9vDSi5UZCE=
golang.org/x/sys v0.48.0 h1:bbX/i/6MgT9BVLM9RT1thmxL04yeTAhbEz4SyadbXoo=
golang.org/x/sys v0.48.0/go.mod h1:hNLxWAXmnKAxqDtdwIYC4bM9oQPEecfsnNMuSxOs3og=
golang.org/x/term v0.46.0 h1:3+OXuTbaKDgwk8jTi3aSLHRlmWqHEUDUtxnbFigO4YE=
golang.org/x/term v0.46.0/go.mod h1:+K02xbkittuwc0Am4abfA3Fc+XRGXkvBXNO88NCXPoc=
